
Microsoft Visual Studio Solution File, Format Version 12.00
# Visual Studio Version 17
VisualStudioVersion = 17.7.34031.279
MinimumVisualStudioVersion = 10.0.40219.1
Project("{FAE04EC0-301F-11D3-BF4B-00C04F79EFBC}") = "Developing Applications with C#", "Developing Applications with C#\Developing Applications with C#.csproj", "{666EE561-371F-48AA-A85C-652593E7F602}"
EndProject
Project("{FAE04EC0-301F-11D3-BF4B-00C04F79EFBC}") = "Flight Reservation", "Flight Reservation\Flight Reservation.csproj", "{979687ED-78B0-47F2-AE36-B3FB67950092}"
EndProject
Project("{FAE04EC0-301F-11D3-BF4B-00C04F79EFBC}") = "String Variables", "String Variables\String Variables.csproj", "{85D1EA12-C315-4472-89E2-942BF97D3D22}"
EndProject
Project("{FAE04EC0-301F-11D3-BF4B-00C04F79EFBC}") = "Int Variables", "Int Variables\Int Variables.csproj", "{EEB81C2B-4E97-4CC4-98BD-1861F91913F1}"
EndProject
Project("{FAE04EC0-301F-11D3-BF4B-00C04F79EFBC}") = "Double Variables", "Double Variables\Double Variables.csproj", "{186FBCF6-BCF1-4A16-9ACB-E8827F4198FF}"
EndProject
Project("{FAE04EC0-301F-11D3-BF4B-00C04F79EFBC}") = "Char Variables", "Char Variables\Char Variables.csproj", "{421C04BA-6246-4215-A5D4-01758BAC5CFF}"
EndProject
Project("{FAE04EC0-301F-11D3-BF4B-00C04F79EFBC}") = "Cinema Buffet Sales Panel", "Cinema Buffet Sales Panel\Cinema Buffet Sales Panel.csproj", "{8AD8513D-8AA1-4E63-ABE1-74A9367E046F}"
EndProject
Project("{FAE04EC0-301F-11D3-BF4B-00C04F79EFBC}") = "Decision Structures", "Decision Structures\Decision Structures.csproj", "{F4FC8C2F-5DC2-421D-A9E0-4CE4B379E70F}"
EndProject
Project("{FAE04EC0-301F-11D3-BF4B-00C04F79EFBC}") = "Trivia Quiz", "Trivia Quiz\Trivia Quiz.csproj", "{62104967-38CE-4D3F-AB7D-B8EB7AEB1980}"
EndProject
Project("{FAE04EC0-301F-11D3-BF4B-00C04F79EFBC}") = "Loops", "Loops\Loops.csproj", "{69A9E2E7-2CD3-4D89-8C05-395EC6FA7A6C}"
EndProject
Project("{FAE04EC0-301F-11D3-BF4B-00C04F79EFBC}") = "Arrays", "Arrays\Arrays.csproj", "{CF506193-A66F-4B35-970F-EFF65D698F0B}"
EndProject
Project("{FAE04EC0-301F-11D3-BF4B-00C04F79EFBC}") = "Methods", "Methods\Methods.csproj", "{EAC5EDB9-40A0-4158-BE43-9852538EAA02}"
EndProject
Project("{FAE04EC0-301F-11D3-BF4B-00C04F79EFBC}") = "Class", "Class\Class.csproj", "{9259852A-1C47-4CDD-9E74-C864A29F31A2}"
EndProject
Project("{FAE04EC0-301F-11D3-BF4B-00C04F79EFBC}") = "ExampleConsole", "ExampleConsole\ExampleConsole.csproj", "{C17DE94C-AA3F-40A9-B3B3-A155ECF26F4D}"
EndProject
Project("{FAE04EC0-301F-11D3-BF4B-00C04F79EFBC}") = "Movie Trailer Project", "Movie Trailer Project\Movie Trailer Project.csproj", "{CB513C90-D5EC-4096-A20E-F5DFAE4220FA}"
EndProject
Project("{FAE04EC0-301F-11D3-BF4B-00C04F79EFBC}") = "Chart", "Chart\Chart.csproj", "{0BB1577D-32AE-420E-86C1-819E3372BA4E}"
EndProject
Project("{FAE04EC0-301F-11D3-BF4B-00C04F79EFBC}") = "Extra Structures", "Extra Structures\Extra Structures.csproj", "{1D792F9A-30C4-4628-8B2D-6A73F7AE6EAA}"
EndProject
Global
	GlobalSection(SolutionConfigurationPlatforms) = preSolution
		Debug|Any CPU = Debug|Any CPU
		Release|Any CPU = Release|Any CPU
	EndGlobalSection
	GlobalSection(ProjectConfigurationPlatforms) = postSolution
		{666EE561-371F-48AA-A85C-652593E7F602}.Debug|Any CPU.ActiveCfg = Debug|Any CPU
		{666EE561-371F-48AA-A85C-652593E7F602}.Debug|Any CPU.Build.0 = Debug|Any CPU
		{666EE561-371F-48AA-A85C-652593E7F602}.Release|Any CPU.ActiveCfg = Release|Any CPU
		{666EE561-371F-48AA-A85C-652593E7F602}.Release|Any CPU.Build.0 = Release|Any CPU
		{979687ED-78B0-47F2-AE36-B3FB67950092}.Debug|Any CPU.ActiveCfg = Debug|Any CPU
		{979687ED-78B0-47F2-AE36-B3FB67950092}.Debug|Any CPU.Build.0 = Debug|Any CPU
		{979687ED-78B0-47F2-AE36-B3FB67950092}.Release|Any CPU.ActiveCfg = Release|Any CPU
		{979687ED-78B0-47F2-AE36-B3FB67950092}.Release|Any CPU.Build.0 = Release|Any CPU
		{85D1EA12-C315-4472-89E2-942BF97D3D22}.Debug|Any CPU.ActiveCfg = Debug|Any CPU
		{85D1EA12-C315-4472-89E2-942BF97D3D22}.Debug|Any CPU.Build.0 = Debug|Any CPU
		{85D1EA12-C315-4472-89E2-942BF97D3D22}.Release|Any CPU.ActiveCfg = Release|Any CPU
		{85D1EA12-C315-4472-89E2-942BF97D3D22}.Release|Any CPU.Build.0 = Release|Any CPU
		{EEB81C2B-4E97-4CC4-98BD-1861F91913F1}.Debug|Any CPU.ActiveCfg = Debug|Any CPU
		{EEB81C2B-4E97-4CC4-98BD-1861F91913F1}.Debug|Any CPU.Build.0 = Debug|Any CPU
		{EEB81C2B-4E97-4CC4-98BD-1861F91913F1}.Release|Any CPU.ActiveCfg = Release|Any CPU
		{EEB81C2B-4E97-4CC4-98BD-1861F91913F1}.Release|Any CPU.Build.0 = Release|Any CPU
		{186FBCF6-BCF1-4A16-9ACB-E8827F4198FF}.Debug|Any CPU.ActiveCfg = Debug|Any CPU
		{186FBCF6-BCF1-4A16-9ACB-E8827F4198FF}.Debug|Any CPU.Build.0 = Debug|Any CPU
		{186FBCF6-BCF1-4A16-9ACB-E8827F4198FF}.Release|Any CPU.ActiveCfg = Release|Any CPU
		{186FBCF6-BCF1-4A16-9ACB-E8827F4198FF}.Release|Any CPU.Build.0 = Release|Any CPU
		{421C04BA-6246-4215-A5D4-01758BAC5CFF}.Debug|Any CPU.ActiveCfg = Debug|Any CPU
		{421C04BA-6246-4215-A5D4-01758BAC5CFF}.Debug|Any CPU.Build.0 = Debug|Any CPU
		{421C04BA-6246-4215-A5D4-01758BAC5CFF}.Release|Any CPU.ActiveCfg = Release|Any CPU
		{421C04BA-6246-4215-A5D4-01758BAC5CFF}.Release|Any CPU.Build.0 = Release|Any CPU
		{8AD8513D-8AA1-4E63-ABE1-74A9367E046F}.Debug|Any CPU.ActiveCfg = Debug|Any CPU
		{8AD8513D-8AA1-4E63-ABE1-74A9367E046F}.Debug|Any CPU.Build.0 = Debug|Any CPU
		{8AD8513D-8AA1-4E63-ABE1-74A9367E046F}.Release|Any CPU.ActiveCfg = Release|Any CPU
		{8AD8513D-8AA1-4E63-ABE1-74A9367E046F}.Release|Any CPU.Build.0 = Release|Any CPU
		{F4FC8C2F-5DC2-421D-A9E0-4CE4B379E70F}.Debug|Any CPU.ActiveCfg = Debug|Any CPU
		{F4FC8C2F-5DC2-421D-A9E0-4CE4B379E70F}.Debug|Any CPU.Build.0 = Debug|Any CPU
		{F4FC8C2F-5DC2-421D-A9E0-4CE4B379E70F}.Release|Any CPU.ActiveCfg = Release|Any CPU
		{F4FC8C2F-5DC2-421D-A9E0-4CE4B379E70F}.Release|Any CPU.Build.0 = Release|Any CPU
		{62104967-38CE-4D3F-AB7D-B8EB7AEB1980}.Debug|Any CPU.ActiveCfg = Debug|Any CPU
		{62104967-38CE-4D3F-AB7D-B8EB7AEB1980}.Debug|Any CPU.Build.0 = Debug|Any CPU
		{62104967-38CE-4D3F-AB7D-B8EB7AEB1980}.Release|Any CPU.ActiveCfg = Release|Any CPU
		{62104967-38CE-4D3F-AB7D-B8EB7AEB1980}.Release|Any CPU.Build.0 = Release|Any CPU
		{69A9E2E7-2CD3-4D89-8C05-395EC6FA7A6C}.Debug|Any CPU.ActiveCfg = Debug|Any CPU
		{69A9E2E7-2CD3-4D89-8C05-395EC6FA7A6C}.Debug|Any CPU.Build.0 = Debug|Any CPU
		{69A9E2E7-2CD3-4D89-8C05-395EC6FA7A6C}.Release|Any CPU.ActiveCfg = Release|Any CPU
		{69A9E2E7-2CD3-4D89-8C05-395EC6FA7A6C}.Release|Any CPU.Build.0 = Release|Any CPU
		{CF506193-A66F-4B35-970F-EFF65D698F0B}.Debug|Any CPU.ActiveCfg = Debug|Any CPU
		{CF506193-A66F-4B35-970F-EFF65D698F0B}.Debug|Any CPU.Build.0 = Debug|Any CPU
		{CF506193-A66F-4B35-970F-EFF65D698F0B}.Release|Any CPU.ActiveCfg = Release|Any CPU
		{CF506193-A66F-4B35-970F-EFF65D698F0B}.Release|Any CPU.Build.0 = Release|Any CPU
		{EAC5EDB9-40A0-4158-BE43-9852538EAA02}.Debug|Any CPU.ActiveCfg = Debug|Any CPU
		{EAC5EDB9-40A0-4158-BE43-9852538EAA02}.Debug|Any CPU.Build.0 = Debug|Any CPU
		{EAC5EDB9-40A0-4158-BE43-9852538EAA02}.Release|Any CPU.ActiveCfg = Release|Any CPU
		{EAC5EDB9-40A0-4158-BE43-9852538EAA02}.Release|Any CPU.Build.0 = Release|Any CPU
		{9259852A-1C47-4CDD-9E74-C864A29F31A2}.Debug|Any CPU.ActiveCfg = Debug|Any CPU
		{9259852A-1C47-4CDD-9E74-C864A29F31A2}.Debug|Any CPU.Build.0 = Debug|Any CPU
		{9259852A-1C47-4CDD-9E74-C864A29F31A2}.Release|Any CPU.ActiveCfg = Release|Any CPU
		{9259852A-1C47-4CDD-9E74-C864A29F31A2}.Release|Any CPU.Build.0 = Release|Any CPU
		{C17DE94C-AA3F-40A9-B3B3-A155ECF26F4D}.Debug|Any CPU.ActiveCfg = Debug|Any CPU
		{C17DE94C-AA3F-40A9-B3B3-A155ECF26F4D}.Debug|Any CPU.Build.0 = Debug|Any CPU
		{C17DE94C-AA3F-40A9-B3B3-A155ECF26F4D}.Release|Any CPU.ActiveCfg = Release|Any CPU
		{C17DE94C-AA3F-40A9-B3B3-A155ECF26F4D}.Release|Any CPU.Build.0 = Release|Any CPU
		{CB513C90-D5EC-4096-A20E-F5DFAE4220FA}.Debug|Any CPU.ActiveCfg = Debug|Any CPU
		{CB513C90-D5EC-4096-A20E-F5DFAE4220FA}.Debug|Any CPU.Build.0 = Debug|Any CPU
		{CB513C90-D5EC-4096-A20E-F5DFAE4220FA}.Release|Any CPU.ActiveCfg = Release|Any CPU
		{CB513C90-D5EC-4096-A20E-F5DFAE4220FA}.Release|Any CPU.Build.0 = Release|Any CPU
		{0BB1577D-32AE-420E-86C1-819E3372BA4E}.Debug|Any CPU.ActiveCfg = Debug|Any CPU
		{0BB1577D-32AE-420E-86C1-819E3372BA4E}.Debug|Any CPU.Build.0 = Debug|Any CPU
		{0BB1577D-32AE-420E-86C1-819E3372BA4E}.Release|Any CPU.ActiveCfg = Release|Any CPU
		{0BB1577D-32AE-420E-86C1-819E3372BA4E}.Release|Any CPU.Build.0 = Release|Any CPU
		{1D792F9A-30C4-4628-8B2D-6A73F7AE6EAA}.Debug|Any CPU.ActiveCfg = Debug|Any CPU
		{1D792F9A-30C4-4628-8B2D-6A73F7AE6EAA}.Debug|Any CPU.Build.0 = Debug|Any CPU
		{1D792F9A-30C4-4628-8B2D-6A73F7AE6EAA}.Release|Any CPU.ActiveCfg = Release|Any CPU
		{1D792F9A-30C4-4628-8B2D-6A73F7AE6EAA}.Release|Any CPU.Build.0 = Release|Any CPU
	EndGlobalSection
	GlobalSection(SolutionProperties) = preSolution
		HideSolutionNode = FALSE
	EndGlobalSection
	GlobalSection(ExtensibilityGlobals) = postSolution
		SolutionGuid = {84244B8E-B6EC-4F8A-8BE3-F0ABC87B64E2}
	EndGlobalSection
EndGlobal
